
Microsoft Visual Studio Solution File, Format Version 12.00
# Visual Studio Version 17
VisualStudioVersion = 17.0.31815.197
MinimumVisualStudioVersion = 10.0.40219.1
Project("{2150E333-8FDC-42A3-9474-1A3956D46DE8}") = "Services", "Services", "{4ED1B532-8F3F-47C7-9BBE-411B54F64690}"
EndProject
Project("{2150E333-8FDC-42A3-9474-1A3956D46DE8}") = "Catalog", "Catalog", "{B3389A45-0144-4F6D-8404-D1287B249A53}"
EndProject
Project("{9A19103F-16F7-4668-BE54-9A1E7A4F7556}") = "Catalog.API", "Services\Catalog\Catalog.API\Catalog.API.csproj", "{9485C1DD-A3E3-42C9-8BC2-AB565028BE99}"
EndProject
Project("{2150E333-8FDC-42A3-9474-1A3956D46DE8}") = "Basket", "Basket", "{3377A8FA-CE57-47BB-B662-2B0A1F50E19C}"
EndProject
Project("{9A19103F-16F7-4668-BE54-9A1E7A4F7556}") = "Basket.API", "Services\Basket\Basket.API\Basket.API.csproj", "{12CA11F5-4E77-4455-8C45-E74B61AEB178}"
EndProject
Project("{2150E333-8FDC-42A3-9474-1A3956D46DE8}") = "Discount", "Discount", "{B818F4E6-B077-49E4-8F79-C7B428CC8CBE}"
EndProject
Project("{9A19103F-16F7-4668-BE54-9A1E7A4F7556}") = "Discount.API", "Services\Discount\Discount.API\Discount.API.csproj", "{B115831D-2537-4865-80C2-0C9F9B9FE8A5}"
EndProject
Project("{9A19103F-16F7-4668-BE54-9A1E7A4F7556}") = "Discount.Grpc", "Services\Discount\Discount.Grpc\Discount.Grpc.csproj", "{2E8157D6-D8D4-467B-9002-F05E2B5990A9}"
EndProject
Project("{2150E333-8FDC-42A3-9474-1A3956D46DE8}") = "Ordering", "Ordering", "{53AAE579-E1FE-4501-9EEF-C2B4A5044271}"
EndProject
Project("{9A19103F-16F7-4668-BE54-9A1E7A4F7556}") = "Ordering.API", "Services\Ordering\Ordering.API\Ordering.API.csproj", "{C973B5A1-CF00-4A02-8C0D-9BF44EB06DD5}"
EndProject
Project("{9A19103F-16F7-4668-BE54-9A1E7A4F7556}") = "Ordering.Domain", "Services\Ordering\Ordering.Domain\Ordering.Domain.csproj", "{0C467A26-C792-415C-8D31-00DF856D7BE3}"
EndProject
Project("{9A19103F-16F7-4668-BE54-9A1E7A4F7556}") = "Ordering.Application", "Services\Ordering\Ordering.Application\Ordering.Application.csproj", "{E11C108C-EC32-451E-AC4B-29120F3DCDCF}"
EndProject
Project("{9A19103F-16F7-4668-BE54-9A1E7A4F7556}") = "Ordering.Infrastructure", "Services\Ordering\Ordering.Infrastructure\Ordering.Infrastructure.csproj", "{5940EFAC-9C17-4B96-90F3-0F172A18252E}"
EndProject
Global
	GlobalSection(SolutionConfigurationPlatforms) = preSolution
		Debug|Any CPU = Debug|Any CPU
		Release|Any CPU = Release|Any CPU
	EndGlobalSection
	GlobalSection(ProjectConfigurationPlatforms) = postSolution
		{9485C1DD-A3E3-42C9-8BC2-AB565028BE99}.Debug|Any CPU.ActiveCfg = Debug|Any CPU
		{9485C1DD-A3E3-42C9-8BC2-AB565028BE99}.Debug|Any CPU.Build.0 = Debug|Any CPU
		{9485C1DD-A3E3-42C9-8BC2-AB565028BE99}.Release|Any CPU.ActiveCfg = Release|Any CPU
		{9485C1DD-A3E3-42C9-8BC2-AB565028BE99}.Release|Any CPU.Build.0 = Release|Any CPU
		{12CA11F5-4E77-4455-8C45-E74B61AEB178}.Debug|Any CPU.ActiveCfg = Debug|Any CPU
		{12CA11F5-4E77-4455-8C45-E74B61AEB178}.Debug|Any CPU.Build.0 = Debug|Any CPU
		{12CA11F5-4E77-4455-8C45-E74B61AEB178}.Release|Any CPU.ActiveCfg = Release|Any CPU
		{12CA11F5-4E77-4455-8C45-E74B61AEB178}.Release|Any CPU.Build.0 = Release|Any CPU
		{B115831D-2537-4865-80C2-0C9F9B9FE8A5}.Debug|Any CPU.ActiveCfg = Debug|Any CPU
		{B115831D-2537-4865-80C2-0C9F9B9FE8A5}.Debug|Any CPU.Build.0 = Debug|Any CPU
		{B115831D-2537-4865-80C2-0C9F9B9FE8A5}.Release|Any CPU.ActiveCfg = Release|Any CPU
		{B115831D-2537-4865-80C2-0C9F9B9FE8A5}.Release|Any CPU.Build.0 = Release|Any CPU
		{2E8157D6-D8D4-467B-9002-F05E2B5990A9}.Debug|Any CPU.ActiveCfg = Debug|Any CPU
		{2E8157D6-D8D4-467B-9002-F05E2B5990A9}.Debug|Any CPU.Build.0 = Debug|Any CPU
		{2E8157D6-D8D4-467B-9002-F05E2B5990A9}.Release|Any CPU.ActiveCfg = Release|Any CPU
		{2E8157D6-D8D4-467B-9002-F05E2B5990A9}.Release|Any CPU.Build.0 = Release|Any CPU
		{C973B5A1-CF00-4A02-8C0D-9BF44EB06DD5}.Debug|Any CPU.ActiveCfg = Debug|Any CPU
		{C973B5A1-CF00-4A02-8C0D-9BF44EB06DD5}.Debug|Any CPU.Build.0 = Debug|Any CPU
		{C973B5A1-CF00-4A02-8C0D-9BF44EB06DD5}.Release|Any CPU.ActiveCfg = Release|Any CPU
		{C973B5A1-CF00-4A02-8C0D-9BF44EB06DD5}.Release|Any CPU.Build.0 = Release|Any CPU
		{0C467A26-C792-415C-8D31-00DF856D7BE3}.Debug|Any CPU.ActiveCfg = Debug|Any CPU
		{0C467A26-C792-415C-8D31-00DF856D7BE3}.Debug|Any CPU.Build.0 = Debug|Any CPU
		{0C467A26-C792-415C-8D31-00DF856D7BE3}.Release|Any CPU.ActiveCfg = Release|Any CPU
		{0C467A26-C792-415C-8D31-00DF856D7BE3}.Release|Any CPU.Build.0 = Release|Any CPU
		{E11C108C-EC32-451E-AC4B-29120F3DCDCF}.Debug|Any CPU.ActiveCfg = Debug|Any CPU
		{E11C108C-EC32-451E-AC4B-29120F3DCDCF}.Debug|Any CPU.Build.0 = Debug|Any CPU
		{E11C108C-EC32-451E-AC4B-29120F3DCDCF}.Release|Any CPU.ActiveCfg = Release|Any CPU
		{E11C108C-EC32-451E-AC4B-29120F3DCDCF}.Release|Any CPU.Build.0 = Release|Any CPU
		{5940EFAC-9C17-4B96-90F3-0F172A18252E}.Debug|Any CPU.ActiveCfg = Debug|Any CPU
		{5940EFAC-9C17-4B96-90F3-0F172A18252E}.Debug|Any CPU.Build.0 = Debug|Any CPU
		{5940EFAC-9C17-4B96-90F3-0F172A18252E}.Release|Any CPU.ActiveCfg = Release|Any CPU
		{5940EFAC-9C17-4B96-90F3-0F172A18252E}.Release|Any CPU.Build.0 = Release|Any CPU
	EndGlobalSection
	GlobalSection(SolutionProperties) = preSolution
		HideSolutionNode = FALSE
	EndGlobalSection
	GlobalSection(NestedProjects) = preSolution
		{B3389A45-0144-4F6D-8404-D1287B249A53} = {4ED1B532-8F3F-47C7-9BBE-411B54F64690}
		{9485C1DD-A3E3-42C9-8BC2-AB565028BE99} = {B3389A45-0144-4F6D-8404-D1287B249A53}
		{3377A8FA-CE57-47BB-B662-2B0A1F50E19C} = {4ED1B532-8F3F-47C7-9BBE-411B54F64690}
		{12CA11F5-4E77-4455-8C45-E74B61AEB178} = {3377A8FA-CE57-47BB-B662-2B0A1F50E19C}
		{B818F4E6-B077-49E4-8F79-C7B428CC8CBE} = {4ED1B532-8F3F-47C7-9BBE-411B54F64690}
		{B115831D-2537-4865-80C2-0C9F9B9FE8A5} = {B818F4E6-B077-49E4-8F79-C7B428CC8CBE}
		{2E8157D6-D8D4-467B-9002-F05E2B5990A9} = {B818F4E6-B077-49E4-8F79-C7B428CC8CBE}
		{53AAE579-E1FE-4501-9EEF-C2B4A5044271} = {4ED1B532-8F3F-47C7-9BBE-411B54F64690}
		{C973B5A1-CF00-4A02-8C0D-9BF44EB06DD5} = {53AAE579-E1FE-4501-9EEF-C2B4A5044271}
		{0C467A26-C792-415C-8D31-00DF856D7BE3} = {53AAE579-E1FE-4501-9EEF-C2B4A5044271}
		{E11C108C-EC32-451E-AC4B-29120F3DCDCF} = {53AAE579-E1FE-4501-9EEF-C2B4A5044271}
		{5940EFAC-9C17-4B96-90F3-0F172A18252E} = {53AAE579-E1FE-4501-9EEF-C2B4A5044271}
	EndGlobalSection
	GlobalSection(ExtensibilityGlobals) = postSolution
		SolutionGuid = {01A8F272-EE75-46B6-A4CC-F367631C63B5}
	EndGlobalSection
EndGlobal
