
Microsoft Visual Studio Solution File, Format Version 12.00
Project("{2150E333-8FDC-42A3-9474-1A3956D46DE8}") = "Services", "Services", "{4ED1B532-8F3F-47C7-9BBE-411B54F64690}"
EndProject
Project("{2150E333-8FDC-42A3-9474-1A3956D46DE8}") = "Catalog", "Catalog", "{B3389A45-0144-4F6D-8404-D1287B249A53}"
EndProject
Project("{FAE04EC0-301F-11D3-BF4B-00C04F79EFBC}") = "Catalog.API", "Services\Catalog\Catalog.API\Catalog.API.csproj", "{FC02652B-11D0-4F15-8518-86B2FD00674D}"
EndProject
Global
	GlobalSection(SolutionConfigurationPlatforms) = preSolution
		Debug|Any CPU = Debug|Any CPU
		Release|Any CPU = Release|Any CPU
	EndGlobalSection
	GlobalSection(NestedProjects) = preSolution
		{B3389A45-0144-4F6D-8404-D1287B249A53} = {4ED1B532-8F3F-47C7-9BBE-411B54F64690}
		{FC02652B-11D0-4F15-8518-86B2FD00674D} = {B3389A45-0144-4F6D-8404-D1287B249A53}
	EndGlobalSection
	GlobalSection(ProjectConfigurationPlatforms) = postSolution
		{FC02652B-11D0-4F15-8518-86B2FD00674D}.Debug|Any CPU.ActiveCfg = Debug|Any CPU
		{FC02652B-11D0-4F15-8518-86B2FD00674D}.Debug|Any CPU.Build.0 = Debug|Any CPU
		{FC02652B-11D0-4F15-8518-86B2FD00674D}.Release|Any CPU.ActiveCfg = Release|Any CPU
		{FC02652B-11D0-4F15-8518-86B2FD00674D}.Release|Any CPU.Build.0 = Release|Any CPU
	EndGlobalSection
EndGlobal
